// !$*UTF8*$!
{
	archiveVersion = 1;
	classes = {
	};
	objectVersion = 51;
	objects = {

/* Begin PBXBuildFile section */
		0E01FBA225E1A9BE00080928 /* LinkTile.swift in Sources */ = {isa = PBXBuildFile; fileRef = 0E75953825A6403800B5C649 /* LinkTile.swift */; };
		0E072C5F25E2B4C8001D9840 /* Assets.xcassets in Resources */ = {isa = PBXBuildFile; fileRef = 0E19636625A21FDA00EF79EF /* Assets.xcassets */; };
		0E19636725A21FDA00EF79EF /* Assets.xcassets in Resources */ = {isa = PBXBuildFile; fileRef = 0E19636625A21FDA00EF79EF /* Assets.xcassets */; };
		0E19636A25A21FDA00EF79EF /* Preview Assets.xcassets in Resources */ = {isa = PBXBuildFile; fileRef = 0E19636925A21FDA00EF79EF /* Preview Assets.xcassets */; };
		0E3273E625E26B6D00E880A2 /* ShareViewController.swift in Sources */ = {isa = PBXBuildFile; fileRef = 0E3C13C525D0074A002D436D /* ShareViewController.swift */; };
		0E3C13C625D0074A002D436D /* ShareViewController.swift in Sources */ = {isa = PBXBuildFile; fileRef = 0E3C13C525D0074A002D436D /* ShareViewController.swift */; };
		0E3C13C925D0074B002D436D /* MainInterface.storyboard in Resources */ = {isa = PBXBuildFile; fileRef = 0E3C13C725D0074B002D436D /* MainInterface.storyboard */; };
		0E3C13CD25D0074B002D436D /* LinkyShareExtension.appex in Embed App Extensions */ = {isa = PBXBuildFile; fileRef = 0E3C13C325D0074A002D436D /* LinkyShareExtension.appex */; settings = {ATTRIBUTES = (RemoveHeadersOnCopy, ); }; };
		0E75952825A6401200B5C649 /* LinkListView.swift in Sources */ = {isa = PBXBuildFile; fileRef = 0E75952625A6401200B5C649 /* LinkListView.swift */; };
		0E75952925A6401200B5C649 /* AddPopUpView.swift in Sources */ = {isa = PBXBuildFile; fileRef = 0E75952725A6401200B5C649 /* AddPopUpView.swift */; };
		0E75953225A6402800B5C649 /* LinkyApp.swift in Sources */ = {isa = PBXBuildFile; fileRef = 0E75953125A6402800B5C649 /* LinkyApp.swift */; };
		0E75953925A6403800B5C649 /* Model.swift in Sources */ = {isa = PBXBuildFile; fileRef = 0E75953725A6403800B5C649 /* Model.swift */; };
		0E75953A25A6403800B5C649 /* LinkTile.swift in Sources */ = {isa = PBXBuildFile; fileRef = 0E75953825A6403800B5C649 /* LinkTile.swift */; };
		0E75954225A6408300B5C649 /* ActionSheetView.swift in Sources */ = {isa = PBXBuildFile; fileRef = 0E75954125A6408300B5C649 /* ActionSheetView.swift */; };
		0E75954725A6409800B5C649 /* CalendarView.swift in Sources */ = {isa = PBXBuildFile; fileRef = 0E75954625A6409800B5C649 /* CalendarView.swift */; };
		0E75954C25A640BC00B5C649 /* InformationView.swift in Sources */ = {isa = PBXBuildFile; fileRef = 0E75954B25A640BC00B5C649 /* InformationView.swift */; };
		0E85347A25E0220400157B77 /* Category.swift in Sources */ = {isa = PBXBuildFile; fileRef = 0E85347925E0220400157B77 /* Category.swift */; };
		0E85347B25E0220400157B77 /* Category.swift in Sources */ = {isa = PBXBuildFile; fileRef = 0E85347925E0220400157B77 /* Category.swift */; };
		0EF9767B25E1CE4B00AA92E8 /* Model.swift in Sources */ = {isa = PBXBuildFile; fileRef = 0E75953725A6403800B5C649 /* Model.swift */; };
		3C2F4006E4FC60C1F7836D6C /* Pods_LinkyShareExtension.framework in Frameworks */ = {isa = PBXBuildFile; fileRef = 8C7D9A929A30F4ACBD16C3E0 /* Pods_LinkyShareExtension.framework */; };
		3C94B8143B84DC1DEAD3F751 /* Pods_Linky.framework in Frameworks */ = {isa = PBXBuildFile; fileRef = 70F49B10FECCBB6EF686AB2E /* Pods_Linky.framework */; };
/* End PBXBuildFile section */

/* Begin PBXContainerItemProxy section */
		0E3C13CB25D0074B002D436D /* PBXContainerItemProxy */ = {
			isa = PBXContainerItemProxy;
			containerPortal = 0E19635725A21FD900EF79EF /* Project object */;
			proxyType = 1;
			remoteGlobalIDString = 0E3C13C225D0074A002D436D;
			remoteInfo = LinkyShareExtension;
		};
/* End PBXContainerItemProxy section */

/* Begin PBXCopyFilesBuildPhase section */
		0E3C13CE25D0074B002D436D /* Embed App Extensions */ = {
			isa = PBXCopyFilesBuildPhase;
			buildActionMask = 2147483647;
			dstPath = "";
			dstSubfolderSpec = 13;
			files = (
				0E3C13CD25D0074B002D436D /* LinkyShareExtension.appex in Embed App Extensions */,
			);
			name = "Embed App Extensions";
			runOnlyForDeploymentPostprocessing = 0;
		};
/* End PBXCopyFilesBuildPhase section */

/* Begin PBXFileReference section */
		0E19635F25A21FD900EF79EF /* Linky.app */ = {isa = PBXFileReference; explicitFileType = wrapper.application; includeInIndex = 0; path = Linky.app; sourceTree = BUILT_PRODUCTS_DIR; };
		0E19636625A21FDA00EF79EF /* Assets.xcassets */ = {isa = PBXFileReference; lastKnownFileType = folder.assetcatalog; path = Assets.xcassets; sourceTree = "<group>"; };
		0E19636925A21FDA00EF79EF /* Preview Assets.xcassets */ = {isa = PBXFileReference; lastKnownFileType = folder.assetcatalog; path = "Preview Assets.xcassets"; sourceTree = "<group>"; };
		0E19636B25A21FDA00EF79EF /* Info.plist */ = {isa = PBXFileReference; lastKnownFileType = text.plist.xml; path = Info.plist; sourceTree = "<group>"; };
		0E3273E325E263D700E880A2 /* LinkyShareExtension.entitlements */ = {isa = PBXFileReference; lastKnownFileType = text.plist.entitlements; path = LinkyShareExtension.entitlements; sourceTree = "<group>"; };
		0E3C13C325D0074A002D436D /* LinkyShareExtension.appex */ = {isa = PBXFileReference; explicitFileType = "wrapper.app-extension"; includeInIndex = 0; path = LinkyShareExtension.appex; sourceTree = BUILT_PRODUCTS_DIR; };
		0E3C13C525D0074A002D436D /* ShareViewController.swift */ = {isa = PBXFileReference; lastKnownFileType = sourcecode.swift; path = ShareViewController.swift; sourceTree = "<group>"; };
		0E3C13C825D0074B002D436D /* Base */ = {isa = PBXFileReference; lastKnownFileType = file.storyboard; name = Base; path = Base.lproj/MainInterface.storyboard; sourceTree = "<group>"; };
		0E3C13CA25D0074B002D436D /* Info.plist */ = {isa = PBXFileReference; lastKnownFileType = text.plist.xml; path = Info.plist; sourceTree = "<group>"; };
		0E75952625A6401200B5C649 /* LinkListView.swift */ = {isa = PBXFileReference; fileEncoding = 4; lastKnownFileType = sourcecode.swift; path = LinkListView.swift; sourceTree = "<group>"; };
		0E75952725A6401200B5C649 /* AddPopUpView.swift */ = {isa = PBXFileReference; fileEncoding = 4; lastKnownFileType = sourcecode.swift; path = AddPopUpView.swift; sourceTree = "<group>"; };
		0E75953125A6402800B5C649 /* LinkyApp.swift */ = {isa = PBXFileReference; fileEncoding = 4; lastKnownFileType = sourcecode.swift; path = LinkyApp.swift; sourceTree = "<group>"; };
		0E75953725A6403800B5C649 /* Model.swift */ = {isa = PBXFileReference; fileEncoding = 4; lastKnownFileType = sourcecode.swift; path = Model.swift; sourceTree = "<group>"; };
		0E75953825A6403800B5C649 /* LinkTile.swift */ = {isa = PBXFileReference; fileEncoding = 4; lastKnownFileType = sourcecode.swift; path = LinkTile.swift; sourceTree = "<group>"; };
		0E75954125A6408300B5C649 /* ActionSheetView.swift */ = {isa = PBXFileReference; lastKnownFileType = sourcecode.swift; path = ActionSheetView.swift; sourceTree = "<group>"; };
		0E75954625A6409800B5C649 /* CalendarView.swift */ = {isa = PBXFileReference; lastKnownFileType = sourcecode.swift; path = CalendarView.swift; sourceTree = "<group>"; };
		0E75954B25A640BC00B5C649 /* InformationView.swift */ = {isa = PBXFileReference; lastKnownFileType = sourcecode.swift; path = InformationView.swift; sourceTree = "<group>"; };
		0E85347925E0220400157B77 /* Category.swift */ = {isa = PBXFileReference; lastKnownFileType = sourcecode.swift; path = Category.swift; sourceTree = "<group>"; };
		2A51C939DD94F18F5E54B54F /* Pods-Linky.debug.xcconfig */ = {isa = PBXFileReference; includeInIndex = 1; lastKnownFileType = text.xcconfig; name = "Pods-Linky.debug.xcconfig"; path = "Target Support Files/Pods-Linky/Pods-Linky.debug.xcconfig"; sourceTree = "<group>"; };
		2E3161C11678222874B04936 /* Pods-LinkyShareExtension.debug.xcconfig */ = {isa = PBXFileReference; includeInIndex = 1; lastKnownFileType = text.xcconfig; name = "Pods-LinkyShareExtension.debug.xcconfig"; path = "Target Support Files/Pods-LinkyShareExtension/Pods-LinkyShareExtension.debug.xcconfig"; sourceTree = "<group>"; };
		70F49B10FECCBB6EF686AB2E /* Pods_Linky.framework */ = {isa = PBXFileReference; explicitFileType = wrapper.framework; includeInIndex = 0; path = Pods_Linky.framework; sourceTree = BUILT_PRODUCTS_DIR; };
		8C7D9A929A30F4ACBD16C3E0 /* Pods_LinkyShareExtension.framework */ = {isa = PBXFileReference; explicitFileType = wrapper.framework; includeInIndex = 0; path = Pods_LinkyShareExtension.framework; sourceTree = BUILT_PRODUCTS_DIR; };
		CF80A10696C69343626B3251 /* Pods-LinkyShareExtension.release.xcconfig */ = {isa = PBXFileReference; includeInIndex = 1; lastKnownFileType = text.xcconfig; name = "Pods-LinkyShareExtension.release.xcconfig"; path = "Target Support Files/Pods-LinkyShareExtension/Pods-LinkyShareExtension.release.xcconfig"; sourceTree = "<group>"; };
		D8A550CA10C7D61EBEF31523 /* Pods-Linky.release.xcconfig */ = {isa = PBXFileReference; includeInIndex = 1; lastKnownFileType = text.xcconfig; name = "Pods-Linky.release.xcconfig"; path = "Target Support Files/Pods-Linky/Pods-Linky.release.xcconfig"; sourceTree = "<group>"; };
/* End PBXFileReference section */

/* Begin PBXFrameworksBuildPhase section */
		0E19635C25A21FD900EF79EF /* Frameworks */ = {
			isa = PBXFrameworksBuildPhase;
			buildActionMask = 2147483647;
			files = (
				3C94B8143B84DC1DEAD3F751 /* Pods_Linky.framework in Frameworks */,
			);
			runOnlyForDeploymentPostprocessing = 0;
		};
		0E3C13C025D0074A002D436D /* Frameworks */ = {
			isa = PBXFrameworksBuildPhase;
			buildActionMask = 2147483647;
			files = (
				3C2F4006E4FC60C1F7836D6C /* Pods_LinkyShareExtension.framework in Frameworks */,
			);
			runOnlyForDeploymentPostprocessing = 0;
		};
/* End PBXFrameworksBuildPhase section */

/* Begin PBXGroup section */
		0E19635625A21FD900EF79EF = {
			isa = PBXGroup;
			children = (
				0E19636125A21FD900EF79EF /* Linky */,
				0E3C13C425D0074A002D436D /* LinkyShareExtension */,
				0E19636025A21FD900EF79EF /* Products */,
				3DF9C5CFB8FD5725F34F9069 /* Frameworks */,
				DD2CD5333BF97F29F2142B66 /* Pods */,
			);
			sourceTree = "<group>";
		};
		0E19636025A21FD900EF79EF /* Products */ = {
			isa = PBXGroup;
			children = (
				0E19635F25A21FD900EF79EF /* Linky.app */,
				0E3C13C325D0074A002D436D /* LinkyShareExtension.appex */,
			);
			name = Products;
			sourceTree = "<group>";
		};
		0E19636125A21FD900EF79EF /* Linky */ = {
			isa = PBXGroup;
			children = (
				0E75953625A6403800B5C649 /* Models */,
				0E75952525A6401200B5C649 /* Views */,
				0E75953025A6402800B5C649 /* Controllers */,
				0E19636625A21FDA00EF79EF /* Assets.xcassets */,
				0E19636B25A21FDA00EF79EF /* Info.plist */,
				0E19636825A21FDA00EF79EF /* Preview Content */,
			);
			path = Linky;
			sourceTree = "<group>";
		};
		0E19636825A21FDA00EF79EF /* Preview Content */ = {
			isa = PBXGroup;
			children = (
				0E19636925A21FDA00EF79EF /* Preview Assets.xcassets */,
			);
			path = "Preview Content";
			sourceTree = "<group>";
		};
		0E3C13C425D0074A002D436D /* LinkyShareExtension */ = {
			isa = PBXGroup;
			children = (
				0E3273E325E263D700E880A2 /* LinkyShareExtension.entitlements */,
				0E3C13C525D0074A002D436D /* ShareViewController.swift */,
				0E3C13C725D0074B002D436D /* MainInterface.storyboard */,
				0E3C13CA25D0074B002D436D /* Info.plist */,
			);
			path = LinkyShareExtension;
			sourceTree = "<group>";
		};
		0E75952525A6401200B5C649 /* Views */ = {
			isa = PBXGroup;
			children = (
				0E75952625A6401200B5C649 /* LinkListView.swift */,
				0E75952725A6401200B5C649 /* AddPopUpView.swift */,
				0E75954125A6408300B5C649 /* ActionSheetView.swift */,
				0E75954625A6409800B5C649 /* CalendarView.swift */,
				0E75954B25A640BC00B5C649 /* InformationView.swift */,
			);
			path = Views;
			sourceTree = "<group>";
		};
		0E75953025A6402800B5C649 /* Controllers */ = {
			isa = PBXGroup;
			children = (
				0E75953125A6402800B5C649 /* LinkyApp.swift */,
			);
			path = Controllers;
			sourceTree = "<group>";
		};
		0E75953625A6403800B5C649 /* Models */ = {
			isa = PBXGroup;
			children = (
				0E75953725A6403800B5C649 /* Model.swift */,
				0E75953825A6403800B5C649 /* LinkTile.swift */,
				0E85347925E0220400157B77 /* Category.swift */,
			);
			path = Models;
			sourceTree = "<group>";
		};
		3DF9C5CFB8FD5725F34F9069 /* Frameworks */ = {
			isa = PBXGroup;
			children = (
				70F49B10FECCBB6EF686AB2E /* Pods_Linky.framework */,
				8C7D9A929A30F4ACBD16C3E0 /* Pods_LinkyShareExtension.framework */,
			);
			name = Frameworks;
			sourceTree = "<group>";
		};
		DD2CD5333BF97F29F2142B66 /* Pods */ = {
			isa = PBXGroup;
			children = (
				2A51C939DD94F18F5E54B54F /* Pods-Linky.debug.xcconfig */,
				D8A550CA10C7D61EBEF31523 /* Pods-Linky.release.xcconfig */,
				2E3161C11678222874B04936 /* Pods-LinkyShareExtension.debug.xcconfig */,
				CF80A10696C69343626B3251 /* Pods-LinkyShareExtension.release.xcconfig */,
			);
			path = Pods;
			sourceTree = "<group>";
		};
/* End PBXGroup section */

/* Begin PBXNativeTarget section */
		0E19635E25A21FD900EF79EF /* Linky */ = {
			isa = PBXNativeTarget;
			buildConfigurationList = 0E19638425A21FDA00EF79EF /* Build configuration list for PBXNativeTarget "Linky" */;
			buildPhases = (
				5974F988CAAC53EA97A4342D /* [CP] Check Pods Manifest.lock */,
				0E19635B25A21FD900EF79EF /* Sources */,
				0E19635C25A21FD900EF79EF /* Frameworks */,
				0E19635D25A21FD900EF79EF /* Resources */,
				0E3C13CE25D0074B002D436D /* Embed App Extensions */,
				9E61815BAC61EE21660C410D /* [CP] Embed Pods Frameworks */,
			);
			buildRules = (
			);
			dependencies = (
				0E3C13CC25D0074B002D436D /* PBXTargetDependency */,
			);
			name = Linky;
			productName = Linky;
			productReference = 0E19635F25A21FD900EF79EF /* Linky.app */;
			productType = "com.apple.product-type.application";
		};
		0E3C13C225D0074A002D436D /* LinkyShareExtension */ = {
			isa = PBXNativeTarget;
			buildConfigurationList = 0E3C13D125D0074B002D436D /* Build configuration list for PBXNativeTarget "LinkyShareExtension" */;
			buildPhases = (
				811CF678573B96146AAE8F9B /* [CP] Check Pods Manifest.lock */,
				0E3C13BF25D0074A002D436D /* Sources */,
				0E3C13C025D0074A002D436D /* Frameworks */,
				0E3C13C125D0074A002D436D /* Resources */,
			);
			buildRules = (
			);
			dependencies = (
			);
			name = LinkyShareExtension;
			productName = LinkyShareExtension;
			productReference = 0E3C13C325D0074A002D436D /* LinkyShareExtension.appex */;
			productType = "com.apple.product-type.app-extension";
		};
/* End PBXNativeTarget section */

/* Begin PBXProject section */
		0E19635725A21FD900EF79EF /* Project object */ = {
			isa = PBXProject;
			attributes = {
				LastSwiftUpdateCheck = 1240;
				LastUpgradeCheck = 1230;
				TargetAttributes = {
					0E19635E25A21FD900EF79EF = {
						CreatedOnToolsVersion = 12.3;
					};
					0E3C13C225D0074A002D436D = {
						CreatedOnToolsVersion = 12.4;
					};
				};
			};
			buildConfigurationList = 0E19635A25A21FD900EF79EF /* Build configuration list for PBXProject "Linky" */;
			compatibilityVersion = "Xcode 9.3";
			developmentRegion = en;
			hasScannedForEncodings = 0;
			knownRegions = (
				en,
				Base,
			);
			mainGroup = 0E19635625A21FD900EF79EF;
			productRefGroup = 0E19636025A21FD900EF79EF /* Products */;
			projectDirPath = "";
			projectRoot = "";
			targets = (
				0E19635E25A21FD900EF79EF /* Linky */,
				0E3C13C225D0074A002D436D /* LinkyShareExtension */,
			);
		};
/* End PBXProject section */

/* Begin PBXResourcesBuildPhase section */
		0E19635D25A21FD900EF79EF /* Resources */ = {
			isa = PBXResourcesBuildPhase;
			buildActionMask = 2147483647;
			files = (
				0E19636A25A21FDA00EF79EF /* Preview Assets.xcassets in Resources */,
				0E19636725A21FDA00EF79EF /* Assets.xcassets in Resources */,
			);
			runOnlyForDeploymentPostprocessing = 0;
		};
		0E3C13C125D0074A002D436D /* Resources */ = {
			isa = PBXResourcesBuildPhase;
			buildActionMask = 2147483647;
			files = (
				0E072C5F25E2B4C8001D9840 /* Assets.xcassets in Resources */,
				0E3C13C925D0074B002D436D /* MainInterface.storyboard in Resources */,
			);
			runOnlyForDeploymentPostprocessing = 0;
		};
/* End PBXResourcesBuildPhase section */

/* Begin PBXShellScriptBuildPhase section */
		5974F988CAAC53EA97A4342D /* [CP] Check Pods Manifest.lock */ = {
			isa = PBXShellScriptBuildPhase;
			buildActionMask = 2147483647;
			files = (
			);
			inputFileListPaths = (
			);
			inputPaths = (
				"${PODS_PODFILE_DIR_PATH}/Podfile.lock",
				"${PODS_ROOT}/Manifest.lock",
			);
			name = "[CP] Check Pods Manifest.lock";
			outputFileListPaths = (
			);
			outputPaths = (
				"$(DERIVED_FILE_DIR)/Pods-Linky-checkManifestLockResult.txt",
			);
			runOnlyForDeploymentPostprocessing = 0;
			shellPath = /bin/sh;
			shellScript = "diff \"${PODS_PODFILE_DIR_PATH}/Podfile.lock\" \"${PODS_ROOT}/Manifest.lock\" > /dev/null\nif [ $? != 0 ] ; then\n    # print error to STDERR\n    echo \"error: The sandbox is not in sync with the Podfile.lock. Run 'pod install' or update your CocoaPods installation.\" >&2\n    exit 1\nfi\n# This output is used by Xcode 'outputs' to avoid re-running this script phase.\necho \"SUCCESS\" > \"${SCRIPT_OUTPUT_FILE_0}\"\n";
			showEnvVarsInLog = 0;
		};
		811CF678573B96146AAE8F9B /* [CP] Check Pods Manifest.lock */ = {
			isa = PBXShellScriptBuildPhase;
			buildActionMask = 2147483647;
			files = (
			);
			inputFileListPaths = (
			);
			inputPaths = (
				"${PODS_PODFILE_DIR_PATH}/Podfile.lock",
				"${PODS_ROOT}/Manifest.lock",
			);
			name = "[CP] Check Pods Manifest.lock";
			outputFileListPaths = (
			);
			outputPaths = (
				"$(DERIVED_FILE_DIR)/Pods-LinkyShareExtension-checkManifestLockResult.txt",
			);
			runOnlyForDeploymentPostprocessing = 0;
			shellPath = /bin/sh;
			shellScript = "diff \"${PODS_PODFILE_DIR_PATH}/Podfile.lock\" \"${PODS_ROOT}/Manifest.lock\" > /dev/null\nif [ $? != 0 ] ; then\n    # print error to STDERR\n    echo \"error: The sandbox is not in sync with the Podfile.lock. Run 'pod install' or update your CocoaPods installation.\" >&2\n    exit 1\nfi\n# This output is used by Xcode 'outputs' to avoid re-running this script phase.\necho \"SUCCESS\" > \"${SCRIPT_OUTPUT_FILE_0}\"\n";
			showEnvVarsInLog = 0;
		};
		9E61815BAC61EE21660C410D /* [CP] Embed Pods Frameworks */ = {
			isa = PBXShellScriptBuildPhase;
			buildActionMask = 2147483647;
			files = (
			);
			inputFileListPaths = (
				"${PODS_ROOT}/Target Support Files/Pods-Linky/Pods-Linky-frameworks-${CONFIGURATION}-input-files.xcfilelist",
			);
			name = "[CP] Embed Pods Frameworks";
			outputFileListPaths = (
				"${PODS_ROOT}/Target Support Files/Pods-Linky/Pods-Linky-frameworks-${CONFIGURATION}-output-files.xcfilelist",
			);
			runOnlyForDeploymentPostprocessing = 0;
			shellPath = /bin/sh;
			shellScript = "\"${PODS_ROOT}/Target Support Files/Pods-Linky/Pods-Linky-frameworks.sh\"\n";
			showEnvVarsInLog = 0;
		};
/* End PBXShellScriptBuildPhase section */

/* Begin PBXSourcesBuildPhase section */
		0E19635B25A21FD900EF79EF /* Sources */ = {
			isa = PBXSourcesBuildPhase;
			buildActionMask = 2147483647;
			files = (
				0E75953A25A6403800B5C649 /* LinkTile.swift in Sources */,
				0E75954C25A640BC00B5C649 /* InformationView.swift in Sources */,
				0E3273E625E26B6D00E880A2 /* ShareViewController.swift in Sources */,
				0E75954225A6408300B5C649 /* ActionSheetView.swift in Sources */,
				0E75952925A6401200B5C649 /* AddPopUpView.swift in Sources */,
				0E75953225A6402800B5C649 /* LinkyApp.swift in Sources */,
				0E75952825A6401200B5C649 /* LinkListView.swift in Sources */,
				0E85347A25E0220400157B77 /* Category.swift in Sources */,
				0E75953925A6403800B5C649 /* Model.swift in Sources */,
				0E75954725A6409800B5C649 /* CalendarView.swift in Sources */,
			);
			runOnlyForDeploymentPostprocessing = 0;
		};
		0E3C13BF25D0074A002D436D /* Sources */ = {
			isa = PBXSourcesBuildPhase;
			buildActionMask = 2147483647;
			files = (
				0E3C13C625D0074A002D436D /* ShareViewController.swift in Sources */,
				0E01FBA225E1A9BE00080928 /* LinkTile.swift in Sources */,
				0E85347B25E0220400157B77 /* Category.swift in Sources */,
				0EF9767B25E1CE4B00AA92E8 /* Model.swift in Sources */,
			);
			runOnlyForDeploymentPostprocessing = 0;
		};
/* End PBXSourcesBuildPhase section */

/* Begin PBXTargetDependency section */
		0E3C13CC25D0074B002D436D /* PBXTargetDependency */ = {
			isa = PBXTargetDependency;
			target = 0E3C13C225D0074A002D436D /* LinkyShareExtension */;
			targetProxy = 0E3C13CB25D0074B002D436D /* PBXContainerItemProxy */;
		};
/* End PBXTargetDependency section */

/* Begin PBXVariantGroup section */
		0E3C13C725D0074B002D436D /* MainInterface.storyboard */ = {
			isa = PBXVariantGroup;
			children = (
				0E3C13C825D0074B002D436D /* Base */,
			);
			name = MainInterface.storyboard;
			sourceTree = "<group>";
		};
/* End PBXVariantGroup section */

/* Begin XCBuildConfiguration section */
		0E19638225A21FDA00EF79EF /* Debug */ = {
			isa = XCBuildConfiguration;
			buildSettings = {
				ALWAYS_SEARCH_USER_PATHS = NO;
				CLANG_ANALYZER_NONNULL = YES;
				CLANG_ANALYZER_NUMBER_OBJECT_CONVERSION = YES_AGGRESSIVE;
				CLANG_CXX_LANGUAGE_STANDARD = "gnu++14";
				CLANG_CXX_LIBRARY = "libc++";
				CLANG_ENABLE_MODULES = YES;
				CLANG_ENABLE_OBJC_ARC = YES;
				CLANG_ENABLE_OBJC_WEAK = YES;
				CLANG_WARN_BLOCK_CAPTURE_AUTORELEASING = YES;
				CLANG_WARN_BOOL_CONVERSION = YES;
				CLANG_WARN_COMMA = YES;
				CLANG_WARN_CONSTANT_CONVERSION = YES;
				CLANG_WARN_DEPRECATED_OBJC_IMPLEMENTATIONS = YES;
				CLANG_WARN_DIRECT_OBJC_ISA_USAGE = YES_ERROR;
				CLANG_WARN_DOCUMENTATION_COMMENTS = YES;
				CLANG_WARN_EMPTY_BODY = YES;
				CLANG_WARN_ENUM_CONVERSION = YES;
				CLANG_WARN_INFINITE_RECURSION = YES;
				CLANG_WARN_INT_CONVERSION = YES;
				CLANG_WARN_NON_LITERAL_NULL_CONVERSION = YES;
				CLANG_WARN_OBJC_IMPLICIT_RETAIN_SELF = YES;
				CLANG_WARN_OBJC_LITERAL_CONVERSION = YES;
				CLANG_WARN_OBJC_ROOT_CLASS = YES_ERROR;
				CLANG_WARN_QUOTED_INCLUDE_IN_FRAMEWORK_HEADER = YES;
				CLANG_WARN_RANGE_LOOP_ANALYSIS = YES;
				CLANG_WARN_STRICT_PROTOTYPES = YES;
				CLANG_WARN_SUSPICIOUS_MOVE = YES;
				CLANG_WARN_UNGUARDED_AVAILABILITY = YES_AGGRESSIVE;
				CLANG_WARN_UNREACHABLE_CODE = YES;
				CLANG_WARN__DUPLICATE_METHOD_MATCH = YES;
				COPY_PHASE_STRIP = NO;
				DEBUG_INFORMATION_FORMAT = dwarf;
				ENABLE_STRICT_OBJC_MSGSEND = YES;
				ENABLE_TESTABILITY = YES;
				GCC_C_LANGUAGE_STANDARD = gnu11;
				GCC_DYNAMIC_NO_PIC = NO;
				GCC_NO_COMMON_BLOCKS = YES;
				GCC_OPTIMIZATION_LEVEL = 0;
				GCC_PREPROCESSOR_DEFINITIONS = (
					"DEBUG=1",
					"$(inherited)",
				);
				GCC_WARN_64_TO_32_BIT_CONVERSION = YES;
				GCC_WARN_ABOUT_RETURN_TYPE = YES_ERROR;
				GCC_WARN_UNDECLARED_SELECTOR = YES;
				GCC_WARN_UNINITIALIZED_AUTOS = YES_AGGRESSIVE;
				GCC_WARN_UNUSED_FUNCTION = YES;
				GCC_WARN_UNUSED_VARIABLE = YES;
				IPHONEOS_DEPLOYMENT_TARGET = 14.3;
				MTL_ENABLE_DEBUG_INFO = INCLUDE_SOURCE;
				MTL_FAST_MATH = YES;
				ONLY_ACTIVE_ARCH = YES;
				SDKROOT = iphoneos;
				SWIFT_ACTIVE_COMPILATION_CONDITIONS = DEBUG;
				SWIFT_OPTIMIZATION_LEVEL = "-Onone";
			};
			name = Debug;
		};
		0E19638325A21FDA00EF79EF /* Release */ = {
			isa = XCBuildConfiguration;
			buildSettings = {
				ALWAYS_SEARCH_USER_PATHS = NO;
				CLANG_ANALYZER_NONNULL = YES;
				CLANG_ANALYZER_NUMBER_OBJECT_CONVERSION = YES_AGGRESSIVE;
				CLANG_CXX_LANGUAGE_STANDARD = "gnu++14";
				CLANG_CXX_LIBRARY = "libc++";
				CLANG_ENABLE_MODULES = YES;
				CLANG_ENABLE_OBJC_ARC = YES;
				CLANG_ENABLE_OBJC_WEAK = YES;
				CLANG_WARN_BLOCK_CAPTURE_AUTORELEASING = YES;
				CLANG_WARN_BOOL_CONVERSION = YES;
				CLANG_WARN_COMMA = YES;
				CLANG_WARN_CONSTANT_CONVERSION = YES;
				CLANG_WARN_DEPRECATED_OBJC_IMPLEMENTATIONS = YES;
				CLANG_WARN_DIRECT_OBJC_ISA_USAGE = YES_ERROR;
				CLANG_WARN_DOCUMENTATION_COMMENTS = YES;
				CLANG_WARN_EMPTY_BODY = YES;
				CLANG_WARN_ENUM_CONVERSION = YES;
				CLANG_WARN_INFINITE_RECURSION = YES;
				CLANG_WARN_INT_CONVERSION = YES;
				CLANG_WARN_NON_LITERAL_NULL_CONVERSION = YES;
				CLANG_WARN_OBJC_IMPLICIT_RETAIN_SELF = YES;
				CLANG_WARN_OBJC_LITERAL_CONVERSION = YES;
				CLANG_WARN_OBJC_ROOT_CLASS = YES_ERROR;
				CLANG_WARN_QUOTED_INCLUDE_IN_FRAMEWORK_HEADER = YES;
				CLANG_WARN_RANGE_LOOP_ANALYSIS = YES;
				CLANG_WARN_STRICT_PROTOTYPES = YES;
				CLANG_WARN_SUSPICIOUS_MOVE = YES;
				CLANG_WARN_UNGUARDED_AVAILABILITY = YES_AGGRESSIVE;
				CLANG_WARN_UNREACHABLE_CODE = YES;
				CLANG_WARN__DUPLICATE_METHOD_MATCH = YES;
				COPY_PHASE_STRIP = NO;
				DEBUG_INFORMATION_FORMAT = "dwarf-with-dsym";
				ENABLE_NS_ASSERTIONS = NO;
				ENABLE_STRICT_OBJC_MSGSEND = YES;
				GCC_C_LANGUAGE_STANDARD = gnu11;
				GCC_NO_COMMON_BLOCKS = YES;
				GCC_WARN_64_TO_32_BIT_CONVERSION = YES;
				GCC_WARN_ABOUT_RETURN_TYPE = YES_ERROR;
				GCC_WARN_UNDECLARED_SELECTOR = YES;
				GCC_WARN_UNINITIALIZED_AUTOS = YES_AGGRESSIVE;
				GCC_WARN_UNUSED_FUNCTION = YES;
				GCC_WARN_UNUSED_VARIABLE = YES;
				IPHONEOS_DEPLOYMENT_TARGET = 14.3;
				MTL_ENABLE_DEBUG_INFO = NO;
				MTL_FAST_MATH = YES;
				SDKROOT = iphoneos;
				SWIFT_COMPILATION_MODE = wholemodule;
				SWIFT_OPTIMIZATION_LEVEL = "-O";
				VALIDATE_PRODUCT = YES;
			};
			name = Release;
		};
		0E19638525A21FDA00EF79EF /* Debug */ = {
			isa = XCBuildConfiguration;
			baseConfigurationReference = 2A51C939DD94F18F5E54B54F /* Pods-Linky.debug.xcconfig */;
			buildSettings = {
				ALWAYS_EMBED_SWIFT_STANDARD_LIBRARIES = "$(inherited)";
				ASSETCATALOG_COMPILER_APPICON_NAME = AppIcon;
				ASSETCATALOG_COMPILER_GLOBAL_ACCENT_COLOR_NAME = AccentColor;
				CODE_SIGN_ENTITLEMENTS = Linky/Linky.entitlements;
				CODE_SIGN_STYLE = Automatic;
				DEVELOPMENT_ASSET_PATHS = "\"Linky/Preview Content\"";
				DEVELOPMENT_TEAM = C43N923FE6;
				ENABLE_PREVIEWS = YES;
				INFOPLIST_FILE = Linky/Info.plist;
				IPHONEOS_DEPLOYMENT_TARGET = 14.0;
				LD_RUNPATH_SEARCH_PATHS = (
					"$(inherited)",
					"@executable_path/Frameworks",
				);
				PRODUCT_BUNDLE_IDENTIFIER = com.riccardofeingold.Linky;
				PRODUCT_NAME = "$(TARGET_NAME)";
				SWIFT_VERSION = 5.0;
				TARGETED_DEVICE_FAMILY = "1,2";
			};
			name = Debug;
		};
		0E19638625A21FDA00EF79EF /* Release */ = {
			isa = XCBuildConfiguration;
			baseConfigurationReference = D8A550CA10C7D61EBEF31523 /* Pods-Linky.release.xcconfig */;
			buildSettings = {
				ALWAYS_EMBED_SWIFT_STANDARD_LIBRARIES = "$(inherited)";
				ASSETCATALOG_COMPILER_APPICON_NAME = AppIcon;
				ASSETCATALOG_COMPILER_GLOBAL_ACCENT_COLOR_NAME = AccentColor;
				CODE_SIGN_ENTITLEMENTS = Linky/Linky.entitlements;
				CODE_SIGN_STYLE = Automatic;
				DEVELOPMENT_ASSET_PATHS = "\"Linky/Preview Content\"";
				DEVELOPMENT_TEAM = C43N923FE6;
				ENABLE_PREVIEWS = YES;
				INFOPLIST_FILE = Linky/Info.plist;
				IPHONEOS_DEPLOYMENT_TARGET = 14.0;
				LD_RUNPATH_SEARCH_PATHS = (
					"$(inherited)",
					"@executable_path/Frameworks",
				);
				PRODUCT_BUNDLE_IDENTIFIER = com.riccardofeingold.Linky;
				PRODUCT_NAME = "$(TARGET_NAME)";
				SWIFT_VERSION = 5.0;
				TARGETED_DEVICE_FAMILY = "1,2";
			};
			name = Release;
		};
		0E3C13CF25D0074B002D436D /* Debug */ = {
			isa = XCBuildConfiguration;
			baseConfigurationReference = 2E3161C11678222874B04936 /* Pods-LinkyShareExtension.debug.xcconfig */;
			buildSettings = {
				ALWAYS_EMBED_SWIFT_STANDARD_LIBRARIES = "$(inherited)";
				CODE_SIGN_ENTITLEMENTS = LinkyShareExtension/LinkyShareExtension.entitlements;
				CODE_SIGN_STYLE = Automatic;
				DEVELOPMENT_TEAM = C43N923FE6;
				INFOPLIST_FILE = LinkyShareExtension/Info.plist;
				IPHONEOS_DEPLOYMENT_TARGET = 14.1;
				LD_RUNPATH_SEARCH_PATHS = (
					"$(inherited)",
					"@executable_path/Frameworks",
					"@executable_path/../../Frameworks",
				);
				PRODUCT_BUNDLE_IDENTIFIER = com.riccardofeingold.Linky.LinkyShareExtension;
				PRODUCT_NAME = "$(TARGET_NAME)";
				SKIP_INSTALL = YES;
				SWIFT_VERSION = 5.0;
				TARGETED_DEVICE_FAMILY = "1,2";
			};
			name = Debug;
		};
		0E3C13D025D0074B002D436D /* Release */ = {
			isa = XCBuildConfiguration;
			baseConfigurationReference = CF80A10696C69343626B3251 /* Pods-LinkyShareExtension.release.xcconfig */;
			buildSettings = {
				ALWAYS_EMBED_SWIFT_STANDARD_LIBRARIES = "$(inherited)";
				CODE_SIGN_ENTITLEMENTS = LinkyShareExtension/LinkyShareExtension.entitlements;
				CODE_SIGN_STYLE = Automatic;
				DEVELOPMENT_TEAM = C43N923FE6;
				INFOPLIST_FILE = LinkyShareExtension/Info.plist;
				IPHONEOS_DEPLOYMENT_TARGET = 14.1;
				LD_RUNPATH_SEARCH_PATHS = (
					"$(inherited)",
					"@executable_path/Frameworks",
					"@executable_path/../../Frameworks",
				);
				PRODUCT_BUNDLE_IDENTIFIER = com.riccardofeingold.Linky.LinkyShareExtension;
				PRODUCT_NAME = "$(TARGET_NAME)";
				SKIP_INSTALL = YES;
				SWIFT_VERSION = 5.0;
				TARGETED_DEVICE_FAMILY = "1,2";
			};
			name = Release;
		};
/* End XCBuildConfiguration section */

/* Begin XCConfigurationList section */
		0E19635A25A21FD900EF79EF /* Build configuration list for PBXProject "Linky" */ = {
			isa = XCConfigurationList;
			buildConfigurations = (
				0E19638225A21FDA00EF79EF /* Debug */,
				0E19638325A21FDA00EF79EF /* Release */,
			);
			defaultConfigurationIsVisible = 0;
			defaultConfigurationName = Release;
		};
		0E19638425A21FDA00EF79EF /* Build configuration list for PBXNativeTarget "Linky" */ = {
			isa = XCConfigurationList;
			buildConfigurations = (
				0E19638525A21FDA00EF79EF /* Debug */,
				0E19638625A21FDA00EF79EF /* Release */,
			);
			defaultConfigurationIsVisible = 0;
			defaultConfigurationName = Release;
		};
		0E3C13D125D0074B002D436D /* Build configuration list for PBXNativeTarget "LinkyShareExtension" */ = {
			isa = XCConfigurationList;
			buildConfigurations = (
				0E3C13CF25D0074B002D436D /* Debug */,
				0E3C13D025D0074B002D436D /* Release */,
			);
			defaultConfigurationIsVisible = 0;
			defaultConfigurationName = Release;
		};
/* End XCConfigurationList section */
	};
	rootObject = 0E19635725A21FD900EF79EF /* Project object */;
}
